
Microsoft Visual Studio Solution File, Format Version 12.00
# Visual Studio Version 16
VisualStudioVersion = 25.0.1704.0
MinimumVisualStudioVersion = 10.0.40219.1
Project("{FAE04EC0-301F-11D3-BF4B-00C04F79EFBC}") = "ManagerCLI", "FloristManagementSystem\ManagerCLI.csproj", "{40F49C12-A802-423D-8563-29BC4321BDC7}"
EndProject
Project("{FAE04EC0-301F-11D3-BF4B-00C04F79EFBC}") = "ClientCLI", "ClientCLI\ClientCLI.csproj", "{AAA0D4DE-7136-4BD2-AC6A-BC06E193E38C}"
EndProject
Project("{FAE04EC0-301F-11D3-BF4B-00C04F79EFBC}") = "UtilityLibrary", "UtilityLibrary\UtilityLibrary.csproj", "{D2469FE3-2E11-4AD4-9C65-AE9A4ACB1FA2}"
EndProject
Global
	GlobalSection(SolutionConfigurationPlatforms) = preSolution
		Debug|Any CPU = Debug|Any CPU
		Release|Any CPU = Release|Any CPU
	EndGlobalSection
	GlobalSection(ProjectConfigurationPlatforms) = postSolution
		{40F49C12-A802-423D-8563-29BC4321BDC7}.Debug|Any CPU.ActiveCfg = Debug|Any CPU
		{40F49C12-A802-423D-8563-29BC4321BDC7}.Debug|Any CPU.Build.0 = Debug|Any CPU
		{40F49C12-A802-423D-8563-29BC4321BDC7}.Release|Any CPU.ActiveCfg = Release|Any CPU
		{40F49C12-A802-423D-8563-29BC4321BDC7}.Release|Any CPU.Build.0 = Release|Any CPU
		{AAA0D4DE-7136-4BD2-AC6A-BC06E193E38C}.Debug|Any CPU.ActiveCfg = Debug|Any CPU
		{AAA0D4DE-7136-4BD2-AC6A-BC06E193E38C}.Debug|Any CPU.Build.0 = Debug|Any CPU
		{AAA0D4DE-7136-4BD2-AC6A-BC06E193E38C}.Release|Any CPU.ActiveCfg = Release|Any CPU
		{AAA0D4DE-7136-4BD2-AC6A-BC06E193E38C}.Release|Any CPU.Build.0 = Release|Any CPU
		{D2469FE3-2E11-4AD4-9C65-AE9A4ACB1FA2}.Debug|Any CPU.ActiveCfg = Debug|Any CPU
		{D2469FE3-2E11-4AD4-9C65-AE9A4ACB1FA2}.Debug|Any CPU.Build.0 = Debug|Any CPU
		{D2469FE3-2E11-4AD4-9C65-AE9A4ACB1FA2}.Release|Any CPU.ActiveCfg = Release|Any CPU
		{D2469FE3-2E11-4AD4-9C65-AE9A4ACB1FA2}.Release|Any CPU.Build.0 = Release|Any CPU
	EndGlobalSection
	GlobalSection(SolutionProperties) = preSolution
		HideSolutionNode = FALSE
	EndGlobalSection
	GlobalSection(ExtensibilityGlobals) = postSolution
		SolutionGuid = {B330ACDA-2794-457A-92A1-3EB655AB0BBE}
	EndGlobalSection
EndGlobal
